// !$*UTF8*$!
{
	archiveVersion = 1;
	classes = {
	};
	objectVersion = 46;
	objects = {

/* Begin PBXBuildFile section */
		4D3134701F424F48008FA1ED /* Photo.m in Sources */ = {isa = PBXBuildFile; fileRef = 4D31346F1F424F48008FA1ED /* Photo.m */; };
		4D3134731F42667E008FA1ED /* photoCell.m in Sources */ = {isa = PBXBuildFile; fileRef = 4D3134721F42667E008FA1ED /* photoCell.m */; };
		4D35E2E41F424925007368C5 /* main.m in Sources */ = {isa = PBXBuildFile; fileRef = 4D35E2E31F424925007368C5 /* main.m */; };
		4D35E2E71F424925007368C5 /* AppDelegate.m in Sources */ = {isa = PBXBuildFile; fileRef = 4D35E2E61F424925007368C5 /* AppDelegate.m */; };
		4D35E2EA1F424925007368C5 /* ViewController.m in Sources */ = {isa = PBXBuildFile; fileRef = 4D35E2E91F424925007368C5 /* ViewController.m */; };
		4D35E2ED1F424925007368C5 /* Main.storyboard in Resources */ = {isa = PBXBuildFile; fileRef = 4D35E2EB1F424925007368C5 /* Main.storyboard */; };
		4D35E2EF1F424925007368C5 /* Assets.xcassets in Resources */ = {isa = PBXBuildFile; fileRef = 4D35E2EE1F424925007368C5 /* Assets.xcassets */; };
		4D35E2F21F424925007368C5 /* LaunchScreen.storyboard in Resources */ = {isa = PBXBuildFile; fileRef = 4D35E2F01F424925007368C5 /* LaunchScreen.storyboard */; };
/* End PBXBuildFile section */

/* Begin PBXFileReference section */
		4D31346E1F424F48008FA1ED /* Photo.h */ = {isa = PBXFileReference; fileEncoding = 4; lastKnownFileType = sourcecode.c.h; path = Photo.h; sourceTree = "<group>"; };
		4D31346F1F424F48008FA1ED /* Photo.m */ = {isa = PBXFileReference; fileEncoding = 4; lastKnownFileType = sourcecode.c.objc; path = Photo.m; sourceTree = "<group>"; };
		4D3134711F42667E008FA1ED /* photoCell.h */ = {isa = PBXFileReference; fileEncoding = 4; lastKnownFileType = sourcecode.c.h; path = photoCell.h; sourceTree = "<group>"; };
		4D3134721F42667E008FA1ED /* photoCell.m */ = {isa = PBXFileReference; fileEncoding = 4; lastKnownFileType = sourcecode.c.objc; path = photoCell.m; sourceTree = "<group>"; };
		4D35E2DF1F424925007368C5 /* temp.app */ = {isa = PBXFileReference; explicitFileType = wrapper.application; includeInIndex = 0; path = temp.app; sourceTree = BUILT_PRODUCTS_DIR; };
		4D35E2E31F424925007368C5 /* main.m */ = {isa = PBXFileReference; lastKnownFileType = sourcecode.c.objc; path = main.m; sourceTree = "<group>"; };
		4D35E2E51F424925007368C5 /* AppDelegate.h */ = {isa = PBXFileReference; lastKnownFileType = sourcecode.c.h; path = AppDelegate.h; sourceTree = "<group>"; };
		4D35E2E61F424925007368C5 /* AppDelegate.m */ = {isa = PBXFileReference; lastKnownFileType = sourcecode.c.objc; path = AppDelegate.m; sourceTree = "<group>"; };
		4D35E2E81F424925007368C5 /* ViewController.h */ = {isa = PBXFileReference; lastKnownFileType = sourcecode.c.h; path = ViewController.h; sourceTree = "<group>"; };
		4D35E2E91F424925007368C5 /* ViewController.m */ = {isa = PBXFileReference; lastKnownFileType = sourcecode.c.objc; path = ViewController.m; sourceTree = "<group>"; };
		4D35E2EC1F424925007368C5 /* Base */ = {isa = PBXFileReference; lastKnownFileType = file.storyboard; name = Base; path = Base.lproj/Main.storyboard; sourceTree = "<group>"; };
		4D35E2EE1F424925007368C5 /* Assets.xcassets */ = {isa = PBXFileReference; lastKnownFileType = folder.assetcatalog; path = Assets.xcassets; sourceTree = "<group>"; };
		4D35E2F11F424925007368C5 /* Base */ = {isa = PBXFileReference; lastKnownFileType = file.storyboard; name = Base; path = Base.lproj/LaunchScreen.storyboard; sourceTree = "<group>"; };
		4D35E2F31F424925007368C5 /* Info.plist */ = {isa = PBXFileReference; lastKnownFileType = text.plist.xml; path = Info.plist; sourceTree = "<group>"; };
/* End PBXFileReference section */

/* Begin PBXFrameworksBuildPhase section */
		4D35E2DC1F424925007368C5 /* Frameworks */ = {
			isa = PBXFrameworksBuildPhase;
			buildActionMask = 2147483647;
			files = (
			);
			runOnlyForDeploymentPostprocessing = 0;
		};
/* End PBXFrameworksBuildPhase section */

/* Begin PBXGroup section */
		4D35E2D61F424924007368C5 = {
			isa = PBXGroup;
			children = (
				4D35E2E11F424925007368C5 /* temp */,
				4D35E2E01F424925007368C5 /* Products */,
			);
			sourceTree = "<group>";
		};
		4D35E2E01F424925007368C5 /* Products */ = {
			isa = PBXGroup;
			children = (
				4D35E2DF1F424925007368C5 /* temp.app */,
			);
			name = Products;
			sourceTree = "<group>";
		};
		4D35E2E11F424925007368C5 /* temp */ = {
			isa = PBXGroup;
			children = (
				4D35E2E51F424925007368C5 /* AppDelegate.h */,
				4D35E2E61F424925007368C5 /* AppDelegate.m */,
				4D35E2E81F424925007368C5 /* ViewController.h */,
				4D35E2E91F424925007368C5 /* ViewController.m */,
				4D31346E1F424F48008FA1ED /* Photo.h */,
				4D31346F1F424F48008FA1ED /* Photo.m */,
				4D35E2EB1F424925007368C5 /* Main.storyboard */,
				4D3134711F42667E008FA1ED /* photoCell.h */,
				4D3134721F42667E008FA1ED /* photoCell.m */,
				4D35E2EE1F424925007368C5 /* Assets.xcassets */,
				4D35E2F01F424925007368C5 /* LaunchScreen.storyboard */,
				4D35E2F31F424925007368C5 /* Info.plist */,
				4D35E2E21F424925007368C5 /* Supporting Files */,
			);
			path = temp;
			sourceTree = "<group>";
		};
		4D35E2E21F424925007368C5 /* Supporting Files */ = {
			isa = PBXGroup;
			children = (
				4D35E2E31F424925007368C5 /* main.m */,
			);
			name = "Supporting Files";
			sourceTree = "<group>";
		};
/* End PBXGroup section */

/* Begin PBXNativeTarget section */
		4D35E2DE1F424925007368C5 /* temp */ = {
			isa = PBXNativeTarget;
			buildConfigurationList = 4D35E2F61F424925007368C5 /* Build configuration list for PBXNativeTarget "temp" */;
			buildPhases = (
				4D35E2DB1F424925007368C5 /* Sources */,
				4D35E2DC1F424925007368C5 /* Frameworks */,
				4D35E2DD1F424925007368C5 /* Resources */,
			);
			buildRules = (
			);
			dependencies = (
			);
			name = temp;
			productName = temp;
			productReference = 4D35E2DF1F424925007368C5 /* temp.app */;
			productType = "com.apple.product-type.application";
		};
/* End PBXNativeTarget section */

/* Begin PBXProject section */
		4D35E2D71F424924007368C5 /* Project object */ = {
			isa = PBXProject;
			attributes = {
				LastUpgradeCheck = 0830;
				ORGANIZATIONNAME = "Jaewon Kim";
				TargetAttributes = {
					4D35E2DE1F424925007368C5 = {
						CreatedOnToolsVersion = 8.3.3;
						ProvisioningStyle = Automatic;
					};
				};
			};
			buildConfigurationList = 4D35E2DA1F424924007368C5 /* Build configuration list for PBXProject "temp" */;
			compatibilityVersion = "Xcode 3.2";
			developmentRegion = English;
			hasScannedForEncodings = 0;
			knownRegions = (
				en,
				Base,
			);
			mainGroup = 4D35E2D61F424924007368C5;
			productRefGroup = 4D35E2E01F424925007368C5 /* Products */;
			projectDirPath = "";
			projectRoot = "";
			targets = (
				4D35E2DE1F424925007368C5 /* temp */,
			);
		};
/* End PBXProject section */

/* Begin PBXResourcesBuildPhase section */
		4D35E2DD1F424925007368C5 /* Resources */ = {
			isa = PBXResourcesBuildPhase;
			buildActionMask = 2147483647;
			files = (
				4D35E2F21F424925007368C5 /* LaunchScreen.storyboard in Resources */,
				4D35E2EF1F424925007368C5 /* Assets.xcassets in Resources */,
				4D35E2ED1F424925007368C5 /* Main.storyboard in Resources */,
			);
			runOnlyForDeploymentPostprocessing = 0;
		};
/* End PBXResourcesBuildPhase section */

/* Begin PBXSourcesBuildPhase section */
		4D35E2DB1F424925007368C5 /* Sources */ = {
			isa = PBXSourcesBuildPhase;
			buildActionMask = 2147483647;
			files = (
				4D3134731F42667E008FA1ED /* photoCell.m in Sources */,
				4D3134701F424F48008FA1ED /* Photo.m in Sources */,
				4D35E2EA1F424925007368C5 /* ViewController.m in Sources */,
				4D35E2E71F424925007368C5 /* AppDelegate.m in Sources */,
				4D35E2E41F424925007368C5 /* main.m in Sources */,
			);
			runOnlyForDeploymentPostprocessing = 0;
		};
/* End PBXSourcesBuildPhase section */

/* Begin PBXVariantGroup section */
		4D35E2EB1F424925007368C5 /* Main.storyboard */ = {
			isa = PBXVariantGroup;
			children = (
				4D35E2EC1F424925007368C5 /* Base */,
			);
			name = Main.storyboard;
			sourceTree = "<group>";
		};
		4D35E2F01F424925007368C5 /* LaunchScreen.storyboard */ = {
			isa = PBXVariantGroup;
			children = (
				4D35E2F11F424925007368C5 /* Base */,
			);
			name = LaunchScreen.storyboard;
			sourceTree = "<group>";
		};
/* End PBXVariantGroup section */

/* Begin XCBuildConfiguration section */
		4D35E2F41F424925007368C5 /* Debug */ = {
			isa = XCBuildConfiguration;
			buildSettings = {
				ALWAYS_SEARCH_USER_PATHS = NO;
				CLANG_ANALYZER_NONNULL = YES;
				CLANG_ANALYZER_NUMBER_OBJECT_CONVERSION = YES_AGGRESSIVE;
				CLANG_CXX_LANGUAGE_STANDARD = "gnu++0x";
				CLANG_CXX_LIBRARY = "libc++";
				CLANG_ENABLE_MODULES = YES;
				CLANG_ENABLE_OBJC_ARC = YES;
				CLANG_WARN_BOOL_CONVERSION = YES;
				CLANG_WARN_CONSTANT_CONVERSION = YES;
				CLANG_WARN_DIRECT_OBJC_ISA_USAGE = YES_ERROR;
				CLANG_WARN_DOCUMENTATION_COMMENTS = YES;
				CLANG_WARN_EMPTY_BODY = YES;
				CLANG_WARN_ENUM_CONVERSION = YES;
				CLANG_WARN_INFINITE_RECURSION = YES;
				CLANG_WARN_INT_CONVERSION = YES;
				CLANG_WARN_OBJC_ROOT_CLASS = YES_ERROR;
				CLANG_WARN_SUSPICIOUS_MOVE = YES;
				CLANG_WARN_UNREACHABLE_CODE = YES;
				CLANG_WARN__DUPLICATE_METHOD_MATCH = YES;
				"CODE_SIGN_IDENTITY[sdk=iphoneos*]" = "iPhone Developer";
				COPY_PHASE_STRIP = NO;
				DEBUG_INFORMATION_FORMAT = dwarf;
				ENABLE_STRICT_OBJC_MSGSEND = YES;
				ENABLE_TESTABILITY = YES;
				GCC_C_LANGUAGE_STANDARD = gnu99;
				GCC_DYNAMIC_NO_PIC = NO;
				GCC_NO_COMMON_BLOCKS = YES;
				GCC_OPTIMIZATION_LEVEL = 0;
				GCC_PREPROCESSOR_DEFINITIONS = (
					"DEBUG=1",
					"$(inherited)",
				);
				GCC_WARN_64_TO_32_BIT_CONVERSION = YES;
				GCC_WARN_ABOUT_RETURN_TYPE = YES_ERROR;
				GCC_WARN_UNDECLARED_SELECTOR = YES;
				GCC_WARN_UNINITIALIZED_AUTOS = YES_AGGRESSIVE;
				GCC_WARN_UNUSED_FUNCTION = YES;
				GCC_WARN_UNUSED_VARIABLE = YES;
				IPHONEOS_DEPLOYMENT_TARGET = 10.3;
				MTL_ENABLE_DEBUG_INFO = YES;
				ONLY_ACTIVE_ARCH = YES;
				SDKROOT = iphoneos;
			};
			name = Debug;
		};
		4D35E2F51F424925007368C5 /* Release */ = {
			isa = XCBuildConfiguration;
			buildSettings = {
				ALWAYS_SEARCH_USER_PATHS = NO;
				CLANG_ANALYZER_NONNULL = YES;
				CLANG_ANALYZER_NUMBER_OBJECT_CONVERSION = YES_AGGRESSIVE;
				CLANG_CXX_LANGUAGE_STANDARD = "gnu++0x";
				CLANG_CXX_LIBRARY = "libc++";
				CLANG_ENABLE_MODULES = YES;
				CLANG_ENABLE_OBJC_ARC = YES;
				CLANG_WARN_BOOL_CONVERSION = YES;
				CLANG_WARN_CONSTANT_CONVERSION = YES;
				CLANG_WARN_DIRECT_OBJC_ISA_USAGE = YES_ERROR;
				CLANG_WARN_DOCUMENTATION_COMMENTS = YES;
				CLANG_WARN_EMPTY_BODY = YES;
				CLANG_WARN_ENUM_CONVERSION = YES;
				CLANG_WARN_INFINITE_RECURSION = YES;
				CLANG_WARN_INT_CONVERSION = YES;
				CLANG_WARN_OBJC_ROOT_CLASS = YES_ERROR;
				CLANG_WARN_SUSPICIOUS_MOVE = YES;
				CLANG_WARN_UNREACHABLE_CODE = YES;
				CLANG_WARN__DUPLICATE_METHOD_MATCH = YES;
				"CODE_SIGN_IDENTITY[sdk=iphoneos*]" = "iPhone Developer";
				COPY_PHASE_STRIP = NO;
				DEBUG_INFORMATION_FORMAT = "dwarf-with-dsym";
				ENABLE_NS_ASSERTIONS = NO;
				ENABLE_STRICT_OBJC_MSGSEND = YES;
				GCC_C_LANGUAGE_STANDARD = gnu99;
				GCC_NO_COMMON_BLOCKS = YES;
				GCC_WARN_64_TO_32_BIT_CONVERSION = YES;
				GCC_WARN_ABOUT_RETURN_TYPE = YES_ERROR;
				GCC_WARN_UNDECLARED_SELECTOR = YES;
				GCC_WARN_UNINITIALIZED_AUTOS = YES_AGGRESSIVE;
				GCC_WARN_UNUSED_FUNCTION = YES;
				GCC_WARN_UNUSED_VARIABLE = YES;
				IPHONEOS_DEPLOYMENT_TARGET = 10.3;
				MTL_ENABLE_DEBUG_INFO = NO;
				SDKROOT = iphoneos;
				VALIDATE_PRODUCT = YES;
			};
			name = Release;
		};
		4D35E2F71F424925007368C5 /* Debug */ = {
			isa = XCBuildConfiguration;
			buildSettings = {
				ASSETCATALOG_COMPILER_APPICON_NAME = AppIcon;
				INFOPLIST_FILE = temp/Info.plist;
				LD_RUNPATH_SEARCH_PATHS = "$(inherited) @executable_path/Frameworks";
				PRODUCT_BUNDLE_IDENTIFIER = com.jaewonkim.temp;
				PRODUCT_NAME = "$(TARGET_NAME)";
			};
			name = Debug;
		};
		4D35E2F81F424925007368C5 /* Release */ = {
			isa = XCBuildConfiguration;
			buildSettings = {
				ASSETCATALOG_COMPILER_APPICON_NAME = AppIcon;
				INFOPLIST_FILE = temp/Info.plist;
				LD_RUNPATH_SEARCH_PATHS = "$(inherited) @executable_path/Frameworks";
				PRODUCT_BUNDLE_IDENTIFIER = com.jaewonkim.temp;
				PRODUCT_NAME = "$(TARGET_NAME)";
			};
			name = Release;
		};
/* End XCBuildConfiguration section */

/* Begin XCConfigurationList section */
		4D35E2DA1F424924007368C5 /* Build configuration list for PBXProject "temp" */ = {
			isa = XCConfigurationList;
			buildConfigurations = (
				4D35E2F41F424925007368C5 /* Debug */,
				4D35E2F51F424925007368C5 /* Release */,
			);
			defaultConfigurationIsVisible = 0;
			defaultConfigurationName = Release;
		};
		4D35E2F61F424925007368C5 /* Build configuration list for PBXNativeTarget "temp" */ = {
			isa = XCConfigurationList;
			buildConfigurations = (
				4D35E2F71F424925007368C5 /* Debug */,
				4D35E2F81F424925007368C5 /* Release */,
			);
			defaultConfigurationIsVisible = 0;
			defaultConfigurationName = Release;
		};
/* End XCConfigurationList section */
	};
	rootObject = 4D35E2D71F424924007368C5 /* Project object */;
}
